
Microsoft Visual Studio Solution File, Format Version 12.00
# Visual Studio Version 16
VisualStudioVersion = 16.0.31105.61
MinimumVisualStudioVersion = 10.0.40219.1
Project("{FAE04EC0-301F-11D3-BF4B-00C04F79EFBC}") = "UXDConverter", "UXDConverter\UXDConverter.csproj", "{C46A9182-7204-4577-9A51-D6E153E162C9}"
EndProject
Global
	GlobalSection(SolutionConfigurationPlatforms) = preSolution
		Debug|Any CPU = Debug|Any CPU
		Release|Any CPU = Release|Any CPU
	EndGlobalSection
	GlobalSection(ProjectConfigurationPlatforms) = postSolution
		{C46A9182-7204-4577-9A51-D6E153E162C9}.Debug|Any CPU.ActiveCfg = Debug|Any CPU
		{C46A9182-7204-4577-9A51-D6E153E162C9}.Debug|Any CPU.Build.0 = Debug|Any CPU
		{C46A9182-7204-4577-9A51-D6E153E162C9}.Release|Any CPU.ActiveCfg = Release|Any CPU
		{C46A9182-7204-4577-9A51-D6E153E162C9}.Release|Any CPU.Build.0 = Release|Any CPU
	EndGlobalSection
	GlobalSection(SolutionProperties) = preSolution
		HideSolutionNode = FALSE
	EndGlobalSection
	GlobalSection(ExtensibilityGlobals) = postSolution
		SolutionGuid = {7BEAD345-EC36-481D-9249-D3F47344A104}
	EndGlobalSection
EndGlobal
